// !$*UTF8*$!
{
	archiveVersion = 1;
	classes = {
	};
	objectVersion = 56;
	objects = {

/* Begin PBXBuildFile section */
		27F3261F28FDB22F0004BA84 /* FluidGradient.swift in Sources */ = {isa = PBXBuildFile; fileRef = 27F3261528FDB22F0004BA84 /* FluidGradient.swift */; };
		27F3262028FDB22F0004BA84 /* CGPoint+Extensions.swift in Sources */ = {isa = PBXBuildFile; fileRef = 27F3261628FDB22F0004BA84 /* CGPoint+Extensions.swift */; };
		27F3262128FDB22F0004BA84 /* BlobLayer.swift in Sources */ = {isa = PBXBuildFile; fileRef = 27F3261728FDB22F0004BA84 /* BlobLayer.swift */; };
		27F3262228FDB22F0004BA84 /* FluidGradientView.swift in Sources */ = {isa = PBXBuildFile; fileRef = 27F3261828FDB22F0004BA84 /* FluidGradientView.swift */; };
		27F3262328FDB22F0004BA84 /* FluidGradientApp.swift in Sources */ = {isa = PBXBuildFile; fileRef = 27F3261928FDB22F0004BA84 /* FluidGradientApp.swift */; };
		27F3262428FDB22F0004BA84 /* Preview Assets.xcassets in Resources */ = {isa = PBXBuildFile; fileRef = 27F3261B28FDB22F0004BA84 /* Preview Assets.xcassets */; };
		27F3262528FDB22F0004BA84 /* ResizableLayer.swift in Sources */ = {isa = PBXBuildFile; fileRef = 27F3261C28FDB22F0004BA84 /* ResizableLayer.swift */; };
		27F3262628FDB22F0004BA84 /* Assets.xcassets in Resources */ = {isa = PBXBuildFile; fileRef = 27F3261D28FDB22F0004BA84 /* Assets.xcassets */; };
		27F3262728FDB22F0004BA84 /* ContentView.swift in Sources */ = {isa = PBXBuildFile; fileRef = 27F3261E28FDB22F0004BA84 /* ContentView.swift */; };
/* End PBXBuildFile section */

/* Begin PBXFileReference section */
		272916B728E21F0C00CB12FE /* FluidGradient.app */ = {isa = PBXFileReference; explicitFileType = wrapper.application; includeInIndex = 0; path = FluidGradient.app; sourceTree = BUILT_PRODUCTS_DIR; };
		27F3261528FDB22F0004BA84 /* FluidGradient.swift */ = {isa = PBXFileReference; fileEncoding = 4; lastKnownFileType = sourcecode.swift; name = FluidGradient.swift; path = FluidGradient/FluidGradient.swift; sourceTree = "<group>"; };
		27F3261628FDB22F0004BA84 /* CGPoint+Extensions.swift */ = {isa = PBXFileReference; fileEncoding = 4; lastKnownFileType = sourcecode.swift; name = "CGPoint+Extensions.swift"; path = "FluidGradient/CGPoint+Extensions.swift"; sourceTree = "<group>"; };
		27F3261728FDB22F0004BA84 /* BlobLayer.swift */ = {isa = PBXFileReference; fileEncoding = 4; lastKnownFileType = sourcecode.swift; name = BlobLayer.swift; path = FluidGradient/BlobLayer.swift; sourceTree = "<group>"; };
		27F3261828FDB22F0004BA84 /* FluidGradientView.swift */ = {isa = PBXFileReference; fileEncoding = 4; lastKnownFileType = sourcecode.swift; name = FluidGradientView.swift; path = FluidGradient/FluidGradientView.swift; sourceTree = "<group>"; };
		27F3261928FDB22F0004BA84 /* FluidGradientApp.swift */ = {isa = PBXFileReference; fileEncoding = 4; lastKnownFileType = sourcecode.swift; name = FluidGradientApp.swift; path = FluidGradient/FluidGradientApp.swift; sourceTree = "<group>"; };
		27F3261B28FDB22F0004BA84 /* Preview Assets.xcassets */ = {isa = PBXFileReference; lastKnownFileType = folder.assetcatalog; path = "Preview Assets.xcassets"; sourceTree = "<group>"; };
		27F3261C28FDB22F0004BA84 /* ResizableLayer.swift */ = {isa = PBXFileReference; fileEncoding = 4; lastKnownFileType = sourcecode.swift; name = ResizableLayer.swift; path = FluidGradient/ResizableLayer.swift; sourceTree = "<group>"; };
		27F3261D28FDB22F0004BA84 /* Assets.xcassets */ = {isa = PBXFileReference; lastKnownFileType = folder.assetcatalog; name = Assets.xcassets; path = FluidGradient/Assets.xcassets; sourceTree = "<group>"; };
		27F3261E28FDB22F0004BA84 /* ContentView.swift */ = {isa = PBXFileReference; fileEncoding = 4; lastKnownFileType = sourcecode.swift; name = ContentView.swift; path = FluidGradient/ContentView.swift; sourceTree = "<group>"; };
/* End PBXFileReference section */

/* Begin PBXFrameworksBuildPhase section */
		272916B428E21F0C00CB12FE /* Frameworks */ = {
			isa = PBXFrameworksBuildPhase;
			buildActionMask = 2147483647;
			files = (
			);
			runOnlyForDeploymentPostprocessing = 0;
		};
/* End PBXFrameworksBuildPhase section */

/* Begin PBXGroup section */
		272916AE28E21F0C00CB12FE = {
			isa = PBXGroup;
			children = (
				272916C828E21F1800CB12FE /* Packages */,
				27F3261428FDB2090004BA84 /* FluidGradient */,
				272916B828E21F0C00CB12FE /* Products */,
				272916CA28E21F1F00CB12FE /* Frameworks */,
			);
			sourceTree = "<group>";
		};
		272916B828E21F0C00CB12FE /* Products */ = {
			isa = PBXGroup;
			children = (
				272916B728E21F0C00CB12FE /* FluidGradient.app */,
			);
			name = Products;
			sourceTree = "<group>";
		};
		272916C828E21F1800CB12FE /* Packages */ = {
			isa = PBXGroup;
			children = (
			);
			name = Packages;
			sourceTree = "<group>";
		};
		272916CA28E21F1F00CB12FE /* Frameworks */ = {
			isa = PBXGroup;
			children = (
			);
			name = Frameworks;
			sourceTree = "<group>";
		};
		27F3261428FDB2090004BA84 /* FluidGradient */ = {
			isa = PBXGroup;
			children = (
				27F3261928FDB22F0004BA84 /* FluidGradientApp.swift */,
				27F3261E28FDB22F0004BA84 /* ContentView.swift */,
				27F3261828FDB22F0004BA84 /* FluidGradientView.swift */,
				27F3261528FDB22F0004BA84 /* FluidGradient.swift */,
				27F3261728FDB22F0004BA84 /* BlobLayer.swift */,
				27F3261C28FDB22F0004BA84 /* ResizableLayer.swift */,
				27F3261628FDB22F0004BA84 /* CGPoint+Extensions.swift */,
				27F3261A28FDB22F0004BA84 /* Preview Content */,
				27F3261D28FDB22F0004BA84 /* Assets.xcassets */,
			);
			name = FluidGradient;
			sourceTree = "<group>";
		};
		27F3261A28FDB22F0004BA84 /* Preview Content */ = {
			isa = PBXGroup;
			children = (
				27F3261B28FDB22F0004BA84 /* Preview Assets.xcassets */,
			);
			name = "Preview Content";
			path = "FluidGradient/Preview Content";
			sourceTree = "<group>";
		};
/* End PBXGroup section */

/* Begin PBXNativeTarget section */
		272916B628E21F0C00CB12FE /* FluidGradient */ = {
			isa = PBXNativeTarget;
			buildConfigurationList = 272916C528E21F0D00CB12FE /* Build configuration list for PBXNativeTarget "FluidGradient" */;
			buildPhases = (
				272916B328E21F0C00CB12FE /* Sources */,
				272916B428E21F0C00CB12FE /* Frameworks */,
				272916B528E21F0C00CB12FE /* Resources */,
			);
			buildRules = (
			);
			dependencies = (
			);
			name = FluidGradient;
			packageProductDependencies = (
			);
			productName = Teste;
			productReference = 272916B728E21F0C00CB12FE /* FluidGradient.app */;
			productType = "com.apple.product-type.application";
		};
/* End PBXNativeTarget section */

/* Begin PBXProject section */
		272916AF28E21F0C00CB12FE /* Project object */ = {
			isa = PBXProject;
			attributes = {
				BuildIndependentTargetsInParallel = 1;
				LastSwiftUpdateCheck = 1400;
				LastUpgradeCheck = 1400;
				TargetAttributes = {
					272916B628E21F0C00CB12FE = {
						CreatedOnToolsVersion = 14.0;
						LastSwiftMigration = 1400;
					};
				};
			};
			buildConfigurationList = 272916B228E21F0C00CB12FE /* Build configuration list for PBXProject "FluidGradient" */;
			compatibilityVersion = "Xcode 14.0";
			developmentRegion = en;
			hasScannedForEncodings = 0;
			knownRegions = (
				en,
				Base,
			);
			mainGroup = 272916AE28E21F0C00CB12FE;
			productRefGroup = 272916B828E21F0C00CB12FE /* Products */;
			projectDirPath = "";
			projectRoot = "";
			targets = (
				272916B628E21F0C00CB12FE /* FluidGradient */,
			);
		};
/* End PBXProject section */

/* Begin PBXResourcesBuildPhase section */
		272916B528E21F0C00CB12FE /* Resources */ = {
			isa = PBXResourcesBuildPhase;
			buildActionMask = 2147483647;
			files = (
				27F3262628FDB22F0004BA84 /* Assets.xcassets in Resources */,
				27F3262428FDB22F0004BA84 /* Preview Assets.xcassets in Resources */,
			);
			runOnlyForDeploymentPostprocessing = 0;
		};
/* End PBXResourcesBuildPhase section */

/* Begin PBXSourcesBuildPhase section */
		272916B328E21F0C00CB12FE /* Sources */ = {
			isa = PBXSourcesBuildPhase;
			buildActionMask = 2147483647;
			files = (
				27F3262028FDB22F0004BA84 /* CGPoint+Extensions.swift in Sources */,
				27F3261F28FDB22F0004BA84 /* FluidGradient.swift in Sources */,
				27F3262728FDB22F0004BA84 /* ContentView.swift in Sources */,
				27F3262128FDB22F0004BA84 /* BlobLayer.swift in Sources */,
				27F3262328FDB22F0004BA84 /* FluidGradientApp.swift in Sources */,
				27F3262228FDB22F0004BA84 /* FluidGradientView.swift in Sources */,
				27F3262528FDB22F0004BA84 /* ResizableLayer.swift in Sources */,
			);
			runOnlyForDeploymentPostprocessing = 0;
		};
/* End PBXSourcesBuildPhase section */

/* Begin XCBuildConfiguration section */
		272916C328E21F0D00CB12FE /* Debug */ = {
			isa = XCBuildConfiguration;
			buildSettings = {
				ALWAYS_SEARCH_USER_PATHS = NO;
				CLANG_ANALYZER_NONNULL = YES;
				CLANG_ANALYZER_NUMBER_OBJECT_CONVERSION = YES_AGGRESSIVE;
				CLANG_CXX_LANGUAGE_STANDARD = "gnu++20";
				CLANG_ENABLE_MODULES = YES;
				CLANG_ENABLE_OBJC_ARC = YES;
				CLANG_ENABLE_OBJC_WEAK = YES;
				CLANG_WARN_BLOCK_CAPTURE_AUTORELEASING = YES;
				CLANG_WARN_BOOL_CONVERSION = YES;
				CLANG_WARN_COMMA = YES;
				CLANG_WARN_CONSTANT_CONVERSION = YES;
				CLANG_WARN_DEPRECATED_OBJC_IMPLEMENTATIONS = YES;
				CLANG_WARN_DIRECT_OBJC_ISA_USAGE = YES_ERROR;
				CLANG_WARN_DOCUMENTATION_COMMENTS = YES;
				CLANG_WARN_EMPTY_BODY = YES;
				CLANG_WARN_ENUM_CONVERSION = YES;
				CLANG_WARN_INFINITE_RECURSION = YES;
				CLANG_WARN_INT_CONVERSION = YES;
				CLANG_WARN_NON_LITERAL_NULL_CONVERSION = YES;
				CLANG_WARN_OBJC_IMPLICIT_RETAIN_SELF = YES;
				CLANG_WARN_OBJC_LITERAL_CONVERSION = YES;
				CLANG_WARN_OBJC_ROOT_CLASS = YES_ERROR;
				CLANG_WARN_QUOTED_INCLUDE_IN_FRAMEWORK_HEADER = YES;
				CLANG_WARN_RANGE_LOOP_ANALYSIS = YES;
				CLANG_WARN_STRICT_PROTOTYPES = YES;
				CLANG_WARN_SUSPICIOUS_MOVE = YES;
				CLANG_WARN_UNGUARDED_AVAILABILITY = YES_AGGRESSIVE;
				CLANG_WARN_UNREACHABLE_CODE = YES;
				CLANG_WARN__DUPLICATE_METHOD_MATCH = YES;
				COPY_PHASE_STRIP = NO;
				DEBUG_INFORMATION_FORMAT = dwarf;
				ENABLE_STRICT_OBJC_MSGSEND = YES;
				ENABLE_TESTABILITY = YES;
				GCC_C_LANGUAGE_STANDARD = gnu11;
				GCC_DYNAMIC_NO_PIC = NO;
				GCC_NO_COMMON_BLOCKS = YES;
				GCC_OPTIMIZATION_LEVEL = 0;
				GCC_PREPROCESSOR_DEFINITIONS = (
					"DEBUG=1",
					"$(inherited)",
				);
				GCC_WARN_64_TO_32_BIT_CONVERSION = YES;
				GCC_WARN_ABOUT_RETURN_TYPE = YES_ERROR;
				GCC_WARN_UNDECLARED_SELECTOR = YES;
				GCC_WARN_UNINITIALIZED_AUTOS = YES_AGGRESSIVE;
				GCC_WARN_UNUSED_FUNCTION = YES;
				GCC_WARN_UNUSED_VARIABLE = YES;
				IPHONEOS_DEPLOYMENT_TARGET = 16.0;
				MTL_ENABLE_DEBUG_INFO = INCLUDE_SOURCE;
				MTL_FAST_MATH = YES;
				ONLY_ACTIVE_ARCH = YES;
				SDKROOT = iphoneos;
				SWIFT_ACTIVE_COMPILATION_CONDITIONS = DEBUG;
				SWIFT_OPTIMIZATION_LEVEL = "-Onone";
			};
			name = Debug;
		};
		272916C428E21F0D00CB12FE /* Release */ = {
			isa = XCBuildConfiguration;
			buildSettings = {
				ALWAYS_SEARCH_USER_PATHS = NO;
				CLANG_ANALYZER_NONNULL = YES;
				CLANG_ANALYZER_NUMBER_OBJECT_CONVERSION = YES_AGGRESSIVE;
				CLANG_CXX_LANGUAGE_STANDARD = "gnu++20";
				CLANG_ENABLE_MODULES = YES;
				CLANG_ENABLE_OBJC_ARC = YES;
				CLANG_ENABLE_OBJC_WEAK = YES;
				CLANG_WARN_BLOCK_CAPTURE_AUTORELEASING = YES;
				CLANG_WARN_BOOL_CONVERSION = YES;
				CLANG_WARN_COMMA = YES;
				CLANG_WARN_CONSTANT_CONVERSION = YES;
				CLANG_WARN_DEPRECATED_OBJC_IMPLEMENTATIONS = YES;
				CLANG_WARN_DIRECT_OBJC_ISA_USAGE = YES_ERROR;
				CLANG_WARN_DOCUMENTATION_COMMENTS = YES;
				CLANG_WARN_EMPTY_BODY = YES;
				CLANG_WARN_ENUM_CONVERSION = YES;
				CLANG_WARN_INFINITE_RECURSION = YES;
				CLANG_WARN_INT_CONVERSION = YES;
				CLANG_WARN_NON_LITERAL_NULL_CONVERSION = YES;
				CLANG_WARN_OBJC_IMPLICIT_RETAIN_SELF = YES;
				CLANG_WARN_OBJC_LITERAL_CONVERSION = YES;
				CLANG_WARN_OBJC_ROOT_CLASS = YES_ERROR;
				CLANG_WARN_QUOTED_INCLUDE_IN_FRAMEWORK_HEADER = YES;
				CLANG_WARN_RANGE_LOOP_ANALYSIS = YES;
				CLANG_WARN_STRICT_PROTOTYPES = YES;
				CLANG_WARN_SUSPICIOUS_MOVE = YES;
				CLANG_WARN_UNGUARDED_AVAILABILITY = YES_AGGRESSIVE;
				CLANG_WARN_UNREACHABLE_CODE = YES;
				CLANG_WARN__DUPLICATE_METHOD_MATCH = YES;
				COPY_PHASE_STRIP = NO;
				DEBUG_INFORMATION_FORMAT = "dwarf-with-dsym";
				ENABLE_NS_ASSERTIONS = NO;
				ENABLE_STRICT_OBJC_MSGSEND = YES;
				GCC_C_LANGUAGE_STANDARD = gnu11;
				GCC_NO_COMMON_BLOCKS = YES;
				GCC_WARN_64_TO_32_BIT_CONVERSION = YES;
				GCC_WARN_ABOUT_RETURN_TYPE = YES_ERROR;
				GCC_WARN_UNDECLARED_SELECTOR = YES;
				GCC_WARN_UNINITIALIZED_AUTOS = YES_AGGRESSIVE;
				GCC_WARN_UNUSED_FUNCTION = YES;
				GCC_WARN_UNUSED_VARIABLE = YES;
				IPHONEOS_DEPLOYMENT_TARGET = 16.0;
				MTL_ENABLE_DEBUG_INFO = NO;
				MTL_FAST_MATH = YES;
				SDKROOT = iphoneos;
				SWIFT_COMPILATION_MODE = wholemodule;
				SWIFT_OPTIMIZATION_LEVEL = "-O";
				VALIDATE_PRODUCT = YES;
			};
			name = Release;
		};
		272916C628E21F0D00CB12FE /* Debug */ = {
			isa = XCBuildConfiguration;
			buildSettings = {
				ASSETCATALOG_COMPILER_APPICON_NAME = AppIcon;
				ASSETCATALOG_COMPILER_GLOBAL_ACCENT_COLOR_NAME = AccentColor;
				CLANG_ENABLE_MODULES = YES;
				CODE_SIGN_STYLE = Automatic;
				CURRENT_PROJECT_VERSION = 1;
				DEVELOPMENT_ASSET_PATHS = "\"FluidGradient/Preview Content\"";
				DEVELOPMENT_TEAM = V9F4J6KX54;
				ENABLE_PREVIEWS = YES;
				GENERATE_INFOPLIST_FILE = YES;
				INFOPLIST_KEY_UIApplicationSceneManifest_Generation = YES;
				INFOPLIST_KEY_UIApplicationSupportsIndirectInputEvents = YES;
				INFOPLIST_KEY_UILaunchScreen_Generation = YES;
				INFOPLIST_KEY_UISupportedInterfaceOrientations_iPad = "UIInterfaceOrientationPortrait UIInterfaceOrientationPortraitUpsideDown UIInterfaceOrientationLandscapeLeft UIInterfaceOrientationLandscapeRight";
				INFOPLIST_KEY_UISupportedInterfaceOrientations_iPhone = "UIInterfaceOrientationPortrait UIInterfaceOrientationLandscapeLeft UIInterfaceOrientationLandscapeRight";
				LD_RUNPATH_SEARCH_PATHS = (
					"$(inherited)",
					"@executable_path/Frameworks",
				);
				MARKETING_VERSION = 1.0;
				PRODUCT_BUNDLE_IDENTIFIER = com.joogps.fluid;
				PRODUCT_NAME = "$(TARGET_NAME)";
				SUPPORTED_PLATFORMS = "iphoneos iphonesimulator macosx";
				SUPPORTS_MACCATALYST = NO;
				SUPPORTS_MAC_DESIGNED_FOR_IPHONE_IPAD = NO;
				SWIFT_EMIT_LOC_STRINGS = YES;
				SWIFT_OPTIMIZATION_LEVEL = "-Onone";
				SWIFT_VERSION = 5.0;
				TARGETED_DEVICE_FAMILY = "1,2";
			};
			name = Debug;
		};
		272916C728E21F0D00CB12FE /* Release */ = {
			isa = XCBuildConfiguration;
			buildSettings = {
				ASSETCATALOG_COMPILER_APPICON_NAME = AppIcon;
				ASSETCATALOG_COMPILER_GLOBAL_ACCENT_COLOR_NAME = AccentColor;
				CLANG_ENABLE_MODULES = YES;
				CODE_SIGN_STYLE = Automatic;
				CURRENT_PROJECT_VERSION = 1;
				DEVELOPMENT_ASSET_PATHS = "\"FluidGradient/Preview Content\"";
				DEVELOPMENT_TEAM = V9F4J6KX54;
				ENABLE_PREVIEWS = YES;
				GENERATE_INFOPLIST_FILE = YES;
				INFOPLIST_KEY_UIApplicationSceneManifest_Generation = YES;
				INFOPLIST_KEY_UIApplicationSupportsIndirectInputEvents = YES;
				INFOPLIST_KEY_UILaunchScreen_Generation = YES;
				INFOPLIST_KEY_UISupportedInterfaceOrientations_iPad = "UIInterfaceOrientationPortrait UIInterfaceOrientationPortraitUpsideDown UIInterfaceOrientationLandscapeLeft UIInterfaceOrientationLandscapeRight";
				INFOPLIST_KEY_UISupportedInterfaceOrientations_iPhone = "UIInterfaceOrientationPortrait UIInterfaceOrientationLandscapeLeft UIInterfaceOrientationLandscapeRight";
				LD_RUNPATH_SEARCH_PATHS = (
					"$(inherited)",
					"@executable_path/Frameworks",
				);
				MARKETING_VERSION = 1.0;
				PRODUCT_BUNDLE_IDENTIFIER = com.joogps.fluid;
				PRODUCT_NAME = "$(TARGET_NAME)";
				SUPPORTED_PLATFORMS = "iphoneos iphonesimulator macosx";
				SUPPORTS_MACCATALYST = NO;
				SUPPORTS_MAC_DESIGNED_FOR_IPHONE_IPAD = NO;
				SWIFT_EMIT_LOC_STRINGS = YES;
				SWIFT_VERSION = 5.0;
				TARGETED_DEVICE_FAMILY = "1,2";
			};
			name = Release;
		};
/* End XCBuildConfiguration section */

/* Begin XCConfigurationList section */
		272916B228E21F0C00CB12FE /* Build configuration list for PBXProject "FluidGradient" */ = {
			isa = XCConfigurationList;
			buildConfigurations = (
				272916C328E21F0D00CB12FE /* Debug */,
				272916C428E21F0D00CB12FE /* Release */,
			);
			defaultConfigurationIsVisible = 0;
			defaultConfigurationName = Release;
		};
		272916C528E21F0D00CB12FE /* Build configuration list for PBXNativeTarget "FluidGradient" */ = {
			isa = XCConfigurationList;
			buildConfigurations = (
				272916C628E21F0D00CB12FE /* Debug */,
				272916C728E21F0D00CB12FE /* Release */,
			);
			defaultConfigurationIsVisible = 0;
			defaultConfigurationName = Release;
		};
/* End XCConfigurationList section */
	};
	rootObject = 272916AF28E21F0C00CB12FE /* Project object */;
}
